{
  "name": "mongodb",
  "version": "1.0.0",
  "lockfileVersion": 3,
  "requires": true,
  "packages": {
    "": {
      "name": "mongodb",
      "version": "1.0.0",
      "license": "ISC",
      "dependencies": {
        "@minecraft/server": "^1.17.0-beta.1.21.50-preview.28",
        "@minecraft/server-net": "^1.0.0-beta.1.21.30-preview.22"
      }
    },
    "node_modules/@minecraft/common": {
      "version": "1.2.0",
      "resolved": "https://registry.npmjs.org/@minecraft/common/-/common-1.2.0.tgz",
      "integrity": "sha512-JdmEq4P3Z/FtoBzhLijFgMSVFnFRrUoLwY8DHHrgtFo0mfLTOLTB1RErYjLMsA6b7BGVNxkX/pfFRiH7QZ0XwQ==",
      "license": "MIT"
    },
    "node_modules/@minecraft/server": {
      "version": "1.17.0-beta.1.21.50-preview.28",
      "resolved": "https://registry.npmjs.org/@minecraft/server/-/server-1.17.0-beta.1.21.50-preview.28.tgz",
      "integrity": "sha512-frE/90Puu7EZuGHaT6FnEdBhfh9La3Lrm8ID9SJfO6Pg8w2ErJY507XXnqeA/NosG6rB9EK3H48uCswGCO2ixQ==",
      "license": "MIT",
      "dependencies": {
        "@minecraft/common": "^1.1.0"
      },
      "peerDependencies": {
        "@minecraft/vanilla-data": ">=1.20.70"
      }
    },
    "node_modules/@minecraft/server-admin": {
      "version": "1.0.0-beta.11940b24",
      "resolved": "https://registry.npmjs.org/@minecraft/server-admin/-/server-admin-1.0.0-beta.11940b24.tgz",
      "integrity": "sha512-UZ8YyB8mvF31f22+uM67gJums9d6NDgz9AQ2l4a++EHUP9uen0m3aaBaqM9RyumJpRBJbv/hslAKOyeDT01qew==",
      "license": "MIT"
    },
    "node_modules/@minecraft/server-net": {
      "version": "1.0.0-beta.1.21.30-preview.22",
      "resolved": "https://registry.npmjs.org/@minecraft/server-net/-/server-net-1.0.0-beta.1.21.30-preview.22.tgz",
      "integrity": "sha512-tdTG2Jt4OdjqS/TrzG3Dvn/IYep5nAPOYli5+tY9ttEea235f8e/wz0DmdpG5qpJnPVnsImjZBaFsQ8xCpNk7g==",
      "license": "MIT",
      "dependencies": {
        "@minecraft/common": "^1.0.0",
        "@minecraft/server-admin": "^1.0.0-beta.1.21.30-preview.22"
      }
    },
    "node_modules/@minecraft/vanilla-data": {
      "version": "1.21.44",
      "resolved": "https://registry.npmjs.org/@minecraft/vanilla-data/-/vanilla-data-1.21.44.tgz",
      "integrity": "sha512-sgROZZqiCmaOsRG7qg+qP2B5IZz+kkZGm1JDifFAP/5YCMj4dZcCfnpCvFLQ0Fs2PvMwFU0fDu216Lee9aqXVg==",
      "license": "MIT",
      "peer": true
    }
  }
}
